Microsoft Visual Studio Solution File, Format Version 12.00
# Visual Studio Version 16
VisualStudioVersion = 16.0.29230.47
MinimumVisualStudioVersion = 10.0.40219.1
Project("{FAE04EC0-301F-11D3-BF4B-00C04F79EFBC}") = "ChordsTech.MultiSiteRobots", "ChordsTech.MultiSiteRobots.csproj", "{FED290CD-1457-43D7-A28D-D6EAE9543366}"
EndProject
Global
	GlobalSection(SolutionConfigurationPlatforms) = preSolution
		Debug|Any CPU = Debug|Any CPU
		Release|Any CPU = Release|Any CPU
	EndGlobalSection
	GlobalSection(ProjectConfigurationPlatforms) = postSolution
		{FED290CD-1457-43D7-A28D-D6EAE9543366}.Debug|Any CPU.ActiveCfg = Debug|Any CPU
		{FED290CD-1457-43D7-A28D-D6EAE9543366}.Debug|Any CPU.Build.0 = Debug|Any CPU
		{FED290CD-1457-43D7-A28D-D6EAE9543366}.Release|Any CPU.ActiveCfg = Release|Any CPU
		{FED290CD-1457-43D7-A28D-D6EAE9543366}.Release|Any CPU.Build.0 = Release|Any CPU
	EndGlobalSection
	GlobalSection(SolutionProperties) = preSolution
		HideSolutionNode = FALSE
	EndGlobalSection
	GlobalSection(ExtensibilityGlobals) = postSolution
		SolutionGuid = {5647ACAC-F5E6-4027-9B56-8643BCD289D5}
	EndGlobalSection
EndGlobal
